# This file is autogenerated, do not edit; changes may be undone by the next 'dep ensure'.


[[projects]]
  digest = "1:90a7bb06526a20ca80e130fe39e95d221680aaf7a4ef259d37fa086c2e7528c4"
  name = "github.com/ipfs/go-ipfs"
  packages = [
    "core/coreapi/interface",
    "core/coreapi/interface/options",
    "core/coredag",
    "filestore",
    "filestore/pb",
    "keystore",
    "namesys/opts",
    "plugin",
    "repo",
    "repo/common",
    "repo/fsrepo",
    "repo/fsrepo/migrations",
    "thirdparty/dir",
  ]
  pruneopts = "UT"
  revision = "aefc746f34e5ffdee5fba1915c6603b65a0ebf81"
  version = "v0.4.18"

[solve-meta]
  analyzer-name = "dep"
  analyzer-version = 1
  input-imports = [
    "github.com/ipfs/go-ipfs/core/coreapi/interface",
    "github.com/ipfs/go-ipfs/plugin",
    "github.com/ipfs/go-ipfs/repo/fsrepo",
  ]
  solver-name = "gps-cdcl"
  solver-version = 1
